
Microsoft Visual Studio Solution File, Format Version 12.00
# Visual Studio Version 17
VisualStudioVersion = 17.14.36511.14 d17.14
MinimumVisualStudioVersion = 10.0.40219.1
Project("{8BC9CEB8-8B4A-11D0-8D11-00A0C91BC942}") = "Formula_Generator", "Formula_Generator\Formula_Generator.vcxproj", "{13780ADA-9FEB-4CA0-99D2-EB28BF9EE9C7}"
EndProject
Global
	GlobalSection(SolutionConfigurationPlatforms) = preSolution
		Debug|x64 = Debug|x64
		Debug|x86 = Debug|x86
		Release|x64 = Release|x64
		Release|x86 = Release|x86
	EndGlobalSection
	GlobalSection(ProjectConfigurationPlatforms) = postSolution
		{13780ADA-9FEB-4CA0-99D2-EB28BF9EE9C7}.Debug|x64.ActiveCfg = Debug|x64
		{13780ADA-9FEB-4CA0-99D2-EB28BF9EE9C7}.Debug|x64.Build.0 = Debug|x64
		{13780ADA-9FEB-4CA0-99D2-EB28BF9EE9C7}.Debug|x86.ActiveCfg = Debug|Win32
		{13780ADA-9FEB-4CA0-99D2-EB28BF9EE9C7}.Debug|x86.Build.0 = Debug|Win32
		{13780ADA-9FEB-4CA0-99D2-EB28BF9EE9C7}.Release|x64.ActiveCfg = Release|x64
		{13780ADA-9FEB-4CA0-99D2-EB28BF9EE9C7}.Release|x64.Build.0 = Release|x64
		{13780ADA-9FEB-4CA0-99D2-EB28BF9EE9C7}.Release|x86.ActiveCfg = Release|Win32
		{13780ADA-9FEB-4CA0-99D2-EB28BF9EE9C7}.Release|x86.Build.0 = Release|Win32
	EndGlobalSection
	GlobalSection(SolutionProperties) = preSolution
		HideSolutionNode = FALSE
	EndGlobalSection
	GlobalSection(ExtensibilityGlobals) = postSolution
		SolutionGuid = {EB1A2859-03B9-4200-BEA2-BC0BF114B940}
	EndGlobalSection
EndGlobal
